
Microsoft Visual Studio Solution File, Format Version 12.00
# Visual Studio Version 17
VisualStudioVersion = 17.14.37328.6 d17.14
MinimumVisualStudioVersion = 10.0.40219.1
Project("{8BC9CEB8-8B4A-11D0-8D11-00A0C91BC942}") = "erosl-Gen", "erosl-Gen.vcxproj", "{A2ED433A-E546-4383-95BD-92579353DFB7}"
EndProject
Global
	GlobalSection(SolutionConfigurationPlatforms) = preSolution
		Debug|x64 = Debug|x64
		Debug|x86 = Debug|x86
		Release|x64 = Release|x64
		Release|x86 = Release|x86
	EndGlobalSection
	GlobalSection(ProjectConfigurationPlatforms) = postSolution
		{A2ED433A-E546-4383-95BD-92579353DFB7}.Debug|x64.ActiveCfg = Debug|x64
		{A2ED433A-E546-4383-95BD-92579353DFB7}.Debug|x64.Build.0 = Debug|x64
		{A2ED433A-E546-4383-95BD-92579353DFB7}.Debug|x86.ActiveCfg = Debug|Win32
		{A2ED433A-E546-4383-95BD-92579353DFB7}.Debug|x86.Build.0 = Debug|Win32
		{A2ED433A-E546-4383-95BD-92579353DFB7}.Release|x64.ActiveCfg = Release|x64
		{A2ED433A-E546-4383-95BD-92579353DFB7}.Release|x64.Build.0 = Release|x64
		{A2ED433A-E546-4383-95BD-92579353DFB7}.Release|x86.ActiveCfg = Release|Win32
		{A2ED433A-E546-4383-95BD-92579353DFB7}.Release|x86.Build.0 = Release|Win32
	EndGlobalSection
	GlobalSection(SolutionProperties) = preSolution
		HideSolutionNode = FALSE
	EndGlobalSection
	GlobalSection(ExtensibilityGlobals) = postSolution
		SolutionGuid = {672BA77A-2B2E-45BB-BEE0-35780E49052E}
	EndGlobalSection
EndGlobal
